
Microsoft Visual Studio Solution File, Format Version 12.00
# Visual Studio 14
VisualStudioVersion = 14.0.25420.1
MinimumVisualStudioVersion = 10.0.40219.1
Project("{FAE04EC0-301F-11D3-BF4B-00C04F79EFBC}") = "Entity", "Entity\Entity.csproj", "{7E4BCC0C-E312-49E2-B8F4-DB61CDB43863}"
EndProject
Project("{FAE04EC0-301F-11D3-BF4B-00C04F79EFBC}") = "DAL", "DAL\DAL.csproj", "{D4BB345A-54A9-430C-80D3-EB1202ADF33B}"
EndProject
Project("{FAE04EC0-301F-11D3-BF4B-00C04F79EFBC}") = "Capa_Conexion", "Capa_Conexion\Capa_Conexion.csproj", "{BCF96B20-F86A-4149-9404-40760D4BC1C2}"
EndProject
Project("{FAE04EC0-301F-11D3-BF4B-00C04F79EFBC}") = "BLL", "BLL\BLL.csproj", "{C87E1361-4127-41CE-A51E-EE9C87DC5CBF}"
EndProject
Project("{FAE04EC0-301F-11D3-BF4B-00C04F79EFBC}") = "Presentacion", "Presentacion\Presentacion.csproj", "{5840F5C0-1662-4DB0-8D7E-4028B2630DF8}"
EndProject
Project("{00D1A9C2-B5F0-4AF3-8072-F6C62B433612}") = "DB_Farmacia", "DB_Farmacia\DB_Farmacia.sqlproj", "{C57CF8A2-4980-432F-A14D-79E7C1BE2E8E}"
EndProject
Global
	GlobalSection(SolutionConfigurationPlatforms) = preSolution
		Debug|Any CPU = Debug|Any CPU
		Release|Any CPU = Release|Any CPU
	EndGlobalSection
	GlobalSection(ProjectConfigurationPlatforms) = postSolution
		{7E4BCC0C-E312-49E2-B8F4-DB61CDB43863}.Debug|Any CPU.ActiveCfg = Debug|Any CPU
		{7E4BCC0C-E312-49E2-B8F4-DB61CDB43863}.Debug|Any CPU.Build.0 = Debug|Any CPU
		{7E4BCC0C-E312-49E2-B8F4-DB61CDB43863}.Release|Any CPU.ActiveCfg = Release|Any CPU
		{7E4BCC0C-E312-49E2-B8F4-DB61CDB43863}.Release|Any CPU.Build.0 = Release|Any CPU
		{D4BB345A-54A9-430C-80D3-EB1202ADF33B}.Debug|Any CPU.ActiveCfg = Debug|Any CPU
		{D4BB345A-54A9-430C-80D3-EB1202ADF33B}.Debug|Any CPU.Build.0 = Debug|Any CPU
		{D4BB345A-54A9-430C-80D3-EB1202ADF33B}.Release|Any CPU.ActiveCfg = Release|Any CPU
		{D4BB345A-54A9-430C-80D3-EB1202ADF33B}.Release|Any CPU.Build.0 = Release|Any CPU
		{BCF96B20-F86A-4149-9404-40760D4BC1C2}.Debug|Any CPU.ActiveCfg = Debug|Any CPU
		{BCF96B20-F86A-4149-9404-40760D4BC1C2}.Debug|Any CPU.Build.0 = Debug|Any CPU
		{BCF96B20-F86A-4149-9404-40760D4BC1C2}.Release|Any CPU.ActiveCfg = Release|Any CPU
		{BCF96B20-F86A-4149-9404-40760D4BC1C2}.Release|Any CPU.Build.0 = Release|Any CPU
		{C87E1361-4127-41CE-A51E-EE9C87DC5CBF}.Debug|Any CPU.ActiveCfg = Debug|Any CPU
		{C87E1361-4127-41CE-A51E-EE9C87DC5CBF}.Debug|Any CPU.Build.0 = Debug|Any CPU
		{C87E1361-4127-41CE-A51E-EE9C87DC5CBF}.Release|Any CPU.ActiveCfg = Release|Any CPU
		{C87E1361-4127-41CE-A51E-EE9C87DC5CBF}.Release|Any CPU.Build.0 = Release|Any CPU
		{5840F5C0-1662-4DB0-8D7E-4028B2630DF8}.Debug|Any CPU.ActiveCfg = Debug|Any CPU
		{5840F5C0-1662-4DB0-8D7E-4028B2630DF8}.Debug|Any CPU.Build.0 = Debug|Any CPU
		{5840F5C0-1662-4DB0-8D7E-4028B2630DF8}.Release|Any CPU.ActiveCfg = Release|Any CPU
		{5840F5C0-1662-4DB0-8D7E-4028B2630DF8}.Release|Any CPU.Build.0 = Release|Any CPU
		{C57CF8A2-4980-432F-A14D-79E7C1BE2E8E}.Debug|Any CPU.ActiveCfg = Debug|Any CPU
		{C57CF8A2-4980-432F-A14D-79E7C1BE2E8E}.Debug|Any CPU.Build.0 = Debug|Any CPU
		{C57CF8A2-4980-432F-A14D-79E7C1BE2E8E}.Debug|Any CPU.Deploy.0 = Debug|Any CPU
		{C57CF8A2-4980-432F-A14D-79E7C1BE2E8E}.Release|Any CPU.ActiveCfg = Release|Any CPU
		{C57CF8A2-4980-432F-A14D-79E7C1BE2E8E}.Release|Any CPU.Build.0 = Release|Any CPU
		{C57CF8A2-4980-432F-A14D-79E7C1BE2E8E}.Release|Any CPU.Deploy.0 = Release|Any CPU
	EndGlobalSection
	GlobalSection(SolutionProperties) = preSolution
		HideSolutionNode = FALSE
	EndGlobalSection
EndGlobal
